
Microsoft Visual Studio Solution File, Format Version 12.00
# Visual Studio 2012
Project("{FAE04EC0-301F-11D3-BF4B-00C04F79EFBC}") = "WebParser", "WebParser\WebParser.csproj", "{FBCD0BAF-8FC5-4608-AF37-E2E3E7A1B6AB}"
EndProject
Project("{FAE04EC0-301F-11D3-BF4B-00C04F79EFBC}") = "WebParser.DAL", "WebParser.DAL\WebParser.DAL.csproj", "{76D4487D-ABDA-4F45-BACD-223970778881}"
EndProject
Global
	GlobalSection(SolutionConfigurationPlatforms) = preSolution
		Debug|Any CPU = Debug|Any CPU
		Release|Any CPU = Release|Any CPU
	EndGlobalSection
	GlobalSection(ProjectConfigurationPlatforms) = postSolution
		{FBCD0BAF-8FC5-4608-AF37-E2E3E7A1B6AB}.Debug|Any CPU.ActiveCfg = Debug|Any CPU
		{FBCD0BAF-8FC5-4608-AF37-E2E3E7A1B6AB}.Debug|Any CPU.Build.0 = Debug|Any CPU
		{FBCD0BAF-8FC5-4608-AF37-E2E3E7A1B6AB}.Release|Any CPU.ActiveCfg = Release|Any CPU
		{FBCD0BAF-8FC5-4608-AF37-E2E3E7A1B6AB}.Release|Any CPU.Build.0 = Release|Any CPU
		{76D4487D-ABDA-4F45-BACD-223970778881}.Debug|Any CPU.ActiveCfg = Debug|Any CPU
		{76D4487D-ABDA-4F45-BACD-223970778881}.Debug|Any CPU.Build.0 = Debug|Any CPU
		{76D4487D-ABDA-4F45-BACD-223970778881}.Release|Any CPU.ActiveCfg = Release|Any CPU
		{76D4487D-ABDA-4F45-BACD-223970778881}.Release|Any CPU.Build.0 = Release|Any CPU
	EndGlobalSection
	GlobalSection(SolutionProperties) = preSolution
		HideSolutionNode = FALSE
	EndGlobalSection
EndGlobal
